
Microsoft Visual Studio Solution File, Format Version 12.00
# Visual Studio Version 17
VisualStudioVersion = 17.14.37111.16
MinimumVisualStudioVersion = 10.0.40219.1
Project("{2150E333-8FDC-42A3-9474-1A3956D46DE8}") = "Services", "Services", "{02EA681E-C7D8-13C7-8484-4AC65E1B71E8}"
EndProject
Project("{2150E333-8FDC-42A3-9474-1A3956D46DE8}") = "Catalog", "Catalog", "{C6B4EF9A-3D47-4D76-AE53-1B4F72BE6F06}"
EndProject
Project("{FAE04EC0-301F-11D3-BF4B-00C04F79EFBC}") = "Catalog.Api", "Services\Catalog\Catalog.Api\Catalog.Api.csproj", "{444354D2-F50F-4AB9-A12B-44EACE43F216}"
EndProject
Global
	GlobalSection(SolutionConfigurationPlatforms) = preSolution
		Debug|Any CPU = Debug|Any CPU
		Release|Any CPU = Release|Any CPU
	EndGlobalSection
	GlobalSection(ProjectConfigurationPlatforms) = postSolution
		{444354D2-F50F-4AB9-A12B-44EACE43F216}.Debug|Any CPU.ActiveCfg = Debug|Any CPU
		{444354D2-F50F-4AB9-A12B-44EACE43F216}.Debug|Any CPU.Build.0 = Debug|Any CPU
		{444354D2-F50F-4AB9-A12B-44EACE43F216}.Release|Any CPU.ActiveCfg = Release|Any CPU
		{444354D2-F50F-4AB9-A12B-44EACE43F216}.Release|Any CPU.Build.0 = Release|Any CPU
	EndGlobalSection
	GlobalSection(SolutionProperties) = preSolution
		HideSolutionNode = FALSE
	EndGlobalSection
	GlobalSection(NestedProjects) = preSolution
		{C6B4EF9A-3D47-4D76-AE53-1B4F72BE6F06} = {02EA681E-C7D8-13C7-8484-4AC65E1B71E8}
		{444354D2-F50F-4AB9-A12B-44EACE43F216} = {C6B4EF9A-3D47-4D76-AE53-1B4F72BE6F06}
	EndGlobalSection
	GlobalSection(ExtensibilityGlobals) = postSolution
		SolutionGuid = {B4F7E548-8FD1-43C3-8E34-56B0BAC89372}
	EndGlobalSection
EndGlobal
